
Microsoft Visual Studio Solution File, Format Version 12.00
# Visual Studio 15
VisualStudioVersion = 15.0.28010.2041
MinimumVisualStudioVersion = 10.0.40219.1
Project("{2150E333-8FDC-42A3-9474-1A3956D46DE8}") = "Lin", "Lin", "{91E8353E-5D27-4A69-8896-CDF54F0CC067}"
EndProject
Project("{8BC9CEB8-8B4A-11D0-8D11-00A0C91BC942}") = "Server", "Lin\Server\Server.vcxproj", "{AA77C576-30FA-4A7E-8375-8B0FA3968F36}"
EndProject
Project("{8BC9CEB8-8B4A-11D0-8D11-00A0C91BC942}") = "Client", "Lin\Client\Client.vcxproj", "{3B10ECDB-1172-4343-94C2-B8AC0806E100}"
EndProject
Project("{2150E333-8FDC-42A3-9474-1A3956D46DE8}") = "Win", "Win", "{1B10B4B9-425F-497D-8FC9-A45090F5DE38}"
EndProject
Project("{8BC9CEB8-8B4A-11D0-8D11-00A0C91BC942}") = "Server", "Win\Server\Server.vcxproj", "{A6899792-66F4-4937-B069-FD3607961230}"
EndProject
Project("{8BC9CEB8-8B4A-11D0-8D11-00A0C91BC942}") = "Client", "Win\Client\Client.vcxproj", "{2AC523E3-508F-44FF-B0F0-9CF435E42986}"
EndProject
Global
	GlobalSection(SolutionConfigurationPlatforms) = preSolution
		Debug|ARM = Debug|ARM
		Debug|ARM64 = Debug|ARM64
		Debug|x64 = Debug|x64
		Debug|x86 = Debug|x86
		Release|ARM = Release|ARM
		Release|ARM64 = Release|ARM64
		Release|x64 = Release|x64
		Release|x86 = Release|x86
	EndGlobalSection
	GlobalSection(ProjectConfigurationPlatforms) = postSolution
		{AA77C576-30FA-4A7E-8375-8B0FA3968F36}.Debug|ARM.ActiveCfg = Debug|ARM
		{AA77C576-30FA-4A7E-8375-8B0FA3968F36}.Debug|ARM.Build.0 = Debug|ARM
		{AA77C576-30FA-4A7E-8375-8B0FA3968F36}.Debug|ARM64.ActiveCfg = Debug|ARM64
		{AA77C576-30FA-4A7E-8375-8B0FA3968F36}.Debug|ARM64.Build.0 = Debug|ARM64
		{AA77C576-30FA-4A7E-8375-8B0FA3968F36}.Debug|x64.ActiveCfg = Debug|x64
		{AA77C576-30FA-4A7E-8375-8B0FA3968F36}.Debug|x64.Build.0 = Debug|x64
		{AA77C576-30FA-4A7E-8375-8B0FA3968F36}.Debug|x86.ActiveCfg = Debug|x86
		{AA77C576-30FA-4A7E-8375-8B0FA3968F36}.Debug|x86.Build.0 = Debug|x86
		{AA77C576-30FA-4A7E-8375-8B0FA3968F36}.Release|ARM.ActiveCfg = Release|ARM
		{AA77C576-30FA-4A7E-8375-8B0FA3968F36}.Release|ARM.Build.0 = Release|ARM
		{AA77C576-30FA-4A7E-8375-8B0FA3968F36}.Release|ARM64.ActiveCfg = Release|ARM64
		{AA77C576-30FA-4A7E-8375-8B0FA3968F36}.Release|ARM64.Build.0 = Release|ARM64
		{AA77C576-30FA-4A7E-8375-8B0FA3968F36}.Release|x64.ActiveCfg = Release|x64
		{AA77C576-30FA-4A7E-8375-8B0FA3968F36}.Release|x64.Build.0 = Release|x64
		{AA77C576-30FA-4A7E-8375-8B0FA3968F36}.Release|x86.ActiveCfg = Release|x86
		{AA77C576-30FA-4A7E-8375-8B0FA3968F36}.Release|x86.Build.0 = Release|x86
		{3B10ECDB-1172-4343-94C2-B8AC0806E100}.Debug|ARM.ActiveCfg = Debug|ARM
		{3B10ECDB-1172-4343-94C2-B8AC0806E100}.Debug|ARM.Build.0 = Debug|ARM
		{3B10ECDB-1172-4343-94C2-B8AC0806E100}.Debug|ARM64.ActiveCfg = Debug|ARM64
		{3B10ECDB-1172-4343-94C2-B8AC0806E100}.Debug|ARM64.Build.0 = Debug|ARM64
		{3B10ECDB-1172-4343-94C2-B8AC0806E100}.Debug|x64.ActiveCfg = Debug|x64
		{3B10ECDB-1172-4343-94C2-B8AC0806E100}.Debug|x64.Build.0 = Debug|x64
		{3B10ECDB-1172-4343-94C2-B8AC0806E100}.Debug|x86.ActiveCfg = Debug|x86
		{3B10ECDB-1172-4343-94C2-B8AC0806E100}.Debug|x86.Build.0 = Debug|x86
		{3B10ECDB-1172-4343-94C2-B8AC0806E100}.Release|ARM.ActiveCfg = Release|ARM
		{3B10ECDB-1172-4343-94C2-B8AC0806E100}.Release|ARM.Build.0 = Release|ARM
		{3B10ECDB-1172-4343-94C2-B8AC0806E100}.Release|ARM64.ActiveCfg = Release|ARM64
		{3B10ECDB-1172-4343-94C2-B8AC0806E100}.Release|ARM64.Build.0 = Release|ARM64
		{3B10ECDB-1172-4343-94C2-B8AC0806E100}.Release|x64.ActiveCfg = Release|x64
		{3B10ECDB-1172-4343-94C2-B8AC0806E100}.Release|x64.Build.0 = Release|x64
		{3B10ECDB-1172-4343-94C2-B8AC0806E100}.Release|x86.ActiveCfg = Release|x86
		{3B10ECDB-1172-4343-94C2-B8AC0806E100}.Release|x86.Build.0 = Release|x86
		{A6899792-66F4-4937-B069-FD3607961230}.Debug|ARM.ActiveCfg = Debug|Win32
		{A6899792-66F4-4937-B069-FD3607961230}.Debug|ARM64.ActiveCfg = Debug|Win32
		{A6899792-66F4-4937-B069-FD3607961230}.Debug|x64.ActiveCfg = Debug|x64
		{A6899792-66F4-4937-B069-FD3607961230}.Debug|x64.Build.0 = Debug|x64
		{A6899792-66F4-4937-B069-FD3607961230}.Debug|x86.ActiveCfg = Debug|Win32
		{A6899792-66F4-4937-B069-FD3607961230}.Debug|x86.Build.0 = Debug|Win32
		{A6899792-66F4-4937-B069-FD3607961230}.Release|ARM.ActiveCfg = Release|Win32
		{A6899792-66F4-4937-B069-FD3607961230}.Release|ARM64.ActiveCfg = Release|Win32
		{A6899792-66F4-4937-B069-FD3607961230}.Release|x64.ActiveCfg = Release|x64
		{A6899792-66F4-4937-B069-FD3607961230}.Release|x64.Build.0 = Release|x64
		{A6899792-66F4-4937-B069-FD3607961230}.Release|x86.ActiveCfg = Release|Win32
		{A6899792-66F4-4937-B069-FD3607961230}.Release|x86.Build.0 = Release|Win32
		{2AC523E3-508F-44FF-B0F0-9CF435E42986}.Debug|ARM.ActiveCfg = Debug|Win32
		{2AC523E3-508F-44FF-B0F0-9CF435E42986}.Debug|ARM64.ActiveCfg = Debug|Win32
		{2AC523E3-508F-44FF-B0F0-9CF435E42986}.Debug|x64.ActiveCfg = Debug|x64
		{2AC523E3-508F-44FF-B0F0-9CF435E42986}.Debug|x64.Build.0 = Debug|x64
		{2AC523E3-508F-44FF-B0F0-9CF435E42986}.Debug|x86.ActiveCfg = Debug|Win32
		{2AC523E3-508F-44FF-B0F0-9CF435E42986}.Debug|x86.Build.0 = Debug|Win32
		{2AC523E3-508F-44FF-B0F0-9CF435E42986}.Release|ARM.ActiveCfg = Release|Win32
		{2AC523E3-508F-44FF-B0F0-9CF435E42986}.Release|ARM64.ActiveCfg = Release|Win32
		{2AC523E3-508F-44FF-B0F0-9CF435E42986}.Release|x64.ActiveCfg = Release|x64
		{2AC523E3-508F-44FF-B0F0-9CF435E42986}.Release|x64.Build.0 = Release|x64
		{2AC523E3-508F-44FF-B0F0-9CF435E42986}.Release|x86.ActiveCfg = Release|Win32
		{2AC523E3-508F-44FF-B0F0-9CF435E42986}.Release|x86.Build.0 = Release|Win32
	EndGlobalSection
	GlobalSection(SolutionProperties) = preSolution
		HideSolutionNode = FALSE
	EndGlobalSection
	GlobalSection(NestedProjects) = preSolution
		{AA77C576-30FA-4A7E-8375-8B0FA3968F36} = {91E8353E-5D27-4A69-8896-CDF54F0CC067}
		{3B10ECDB-1172-4343-94C2-B8AC0806E100} = {91E8353E-5D27-4A69-8896-CDF54F0CC067}
		{A6899792-66F4-4937-B069-FD3607961230} = {1B10B4B9-425F-497D-8FC9-A45090F5DE38}
		{2AC523E3-508F-44FF-B0F0-9CF435E42986} = {1B10B4B9-425F-497D-8FC9-A45090F5DE38}
	EndGlobalSection
	GlobalSection(ExtensibilityGlobals) = postSolution
		SolutionGuid = {92431D3D-ABD8-4627-9012-A615D9E5D8C0}
	EndGlobalSection
EndGlobal
