
Microsoft Visual Studio Solution File, Format Version 12.00
# Visual Studio 15
VisualStudioVersion = 15.0.28010.2041
MinimumVisualStudioVersion = 10.0.40219.1
Project("{2150E333-8FDC-42A3-9474-1A3956D46DE8}") = "Win", "Win", "{AF0A6B62-8D94-4E02-9743-B96C7C4D42CD}"
EndProject
Project("{8BC9CEB8-8B4A-11D0-8D11-00A0C91BC942}") = "Server", "win\Server\Server.vcxproj", "{5E5F4DC5-3CEF-40FA-AF00-FF6DDEFD4681}"
EndProject
Project("{8BC9CEB8-8B4A-11D0-8D11-00A0C91BC942}") = "client", "win\client\client.vcxproj", "{98C0F6E7-4E23-4828-B415-8A4049732C23}"
EndProject
Project("{2150E333-8FDC-42A3-9474-1A3956D46DE8}") = "Lin", "Lin", "{84B9B221-5E2F-4244-BB9B-0FA4AF3A2A93}"
EndProject
Project("{8BC9CEB8-8B4A-11D0-8D11-00A0C91BC942}") = "CrossProcessPipe", "lin\CrossProcessPipe\CrossProcessPipe.vcxproj", "{31BF53A8-E0B7-4662-8747-D0A079647B3B}"
EndProject
Project("{8BC9CEB8-8B4A-11D0-8D11-00A0C91BC942}") = "SimplePipe", "lin\SimplePipe\SimplePipe.vcxproj", "{03BF295B-8364-4E28-9009-2F3E9CA682F6}"
EndProject
Global
	GlobalSection(SolutionConfigurationPlatforms) = preSolution
		Debug|ARM = Debug|ARM
		Debug|ARM64 = Debug|ARM64
		Debug|x64 = Debug|x64
		Debug|x86 = Debug|x86
		Release|ARM = Release|ARM
		Release|ARM64 = Release|ARM64
		Release|x64 = Release|x64
		Release|x86 = Release|x86
	EndGlobalSection
	GlobalSection(ProjectConfigurationPlatforms) = postSolution
		{5E5F4DC5-3CEF-40FA-AF00-FF6DDEFD4681}.Debug|ARM.ActiveCfg = Debug|Win32
		{5E5F4DC5-3CEF-40FA-AF00-FF6DDEFD4681}.Debug|ARM64.ActiveCfg = Debug|Win32
		{5E5F4DC5-3CEF-40FA-AF00-FF6DDEFD4681}.Debug|x64.ActiveCfg = Debug|x64
		{5E5F4DC5-3CEF-40FA-AF00-FF6DDEFD4681}.Debug|x64.Build.0 = Debug|x64
		{5E5F4DC5-3CEF-40FA-AF00-FF6DDEFD4681}.Debug|x86.ActiveCfg = Debug|Win32
		{5E5F4DC5-3CEF-40FA-AF00-FF6DDEFD4681}.Debug|x86.Build.0 = Debug|Win32
		{5E5F4DC5-3CEF-40FA-AF00-FF6DDEFD4681}.Release|ARM.ActiveCfg = Release|Win32
		{5E5F4DC5-3CEF-40FA-AF00-FF6DDEFD4681}.Release|ARM64.ActiveCfg = Release|Win32
		{5E5F4DC5-3CEF-40FA-AF00-FF6DDEFD4681}.Release|x64.ActiveCfg = Release|x64
		{5E5F4DC5-3CEF-40FA-AF00-FF6DDEFD4681}.Release|x64.Build.0 = Release|x64
		{5E5F4DC5-3CEF-40FA-AF00-FF6DDEFD4681}.Release|x86.ActiveCfg = Release|Win32
		{5E5F4DC5-3CEF-40FA-AF00-FF6DDEFD4681}.Release|x86.Build.0 = Release|Win32
		{98C0F6E7-4E23-4828-B415-8A4049732C23}.Debug|ARM.ActiveCfg = Debug|Win32
		{98C0F6E7-4E23-4828-B415-8A4049732C23}.Debug|ARM64.ActiveCfg = Debug|Win32
		{98C0F6E7-4E23-4828-B415-8A4049732C23}.Debug|x64.ActiveCfg = Debug|x64
		{98C0F6E7-4E23-4828-B415-8A4049732C23}.Debug|x64.Build.0 = Debug|x64
		{98C0F6E7-4E23-4828-B415-8A4049732C23}.Debug|x86.ActiveCfg = Debug|Win32
		{98C0F6E7-4E23-4828-B415-8A4049732C23}.Debug|x86.Build.0 = Debug|Win32
		{98C0F6E7-4E23-4828-B415-8A4049732C23}.Release|ARM.ActiveCfg = Release|Win32
		{98C0F6E7-4E23-4828-B415-8A4049732C23}.Release|ARM64.ActiveCfg = Release|Win32
		{98C0F6E7-4E23-4828-B415-8A4049732C23}.Release|x64.ActiveCfg = Release|x64
		{98C0F6E7-4E23-4828-B415-8A4049732C23}.Release|x64.Build.0 = Release|x64
		{98C0F6E7-4E23-4828-B415-8A4049732C23}.Release|x86.ActiveCfg = Release|Win32
		{98C0F6E7-4E23-4828-B415-8A4049732C23}.Release|x86.Build.0 = Release|Win32
		{31BF53A8-E0B7-4662-8747-D0A079647B3B}.Debug|ARM.ActiveCfg = Debug|ARM
		{31BF53A8-E0B7-4662-8747-D0A079647B3B}.Debug|ARM.Build.0 = Debug|ARM
		{31BF53A8-E0B7-4662-8747-D0A079647B3B}.Debug|ARM64.ActiveCfg = Debug|ARM64
		{31BF53A8-E0B7-4662-8747-D0A079647B3B}.Debug|ARM64.Build.0 = Debug|ARM64
		{31BF53A8-E0B7-4662-8747-D0A079647B3B}.Debug|x64.ActiveCfg = Debug|x64
		{31BF53A8-E0B7-4662-8747-D0A079647B3B}.Debug|x64.Build.0 = Debug|x64
		{31BF53A8-E0B7-4662-8747-D0A079647B3B}.Debug|x86.ActiveCfg = Debug|x86
		{31BF53A8-E0B7-4662-8747-D0A079647B3B}.Debug|x86.Build.0 = Debug|x86
		{31BF53A8-E0B7-4662-8747-D0A079647B3B}.Release|ARM.ActiveCfg = Release|ARM
		{31BF53A8-E0B7-4662-8747-D0A079647B3B}.Release|ARM.Build.0 = Release|ARM
		{31BF53A8-E0B7-4662-8747-D0A079647B3B}.Release|ARM64.ActiveCfg = Release|ARM64
		{31BF53A8-E0B7-4662-8747-D0A079647B3B}.Release|ARM64.Build.0 = Release|ARM64
		{31BF53A8-E0B7-4662-8747-D0A079647B3B}.Release|x64.ActiveCfg = Release|x64
		{31BF53A8-E0B7-4662-8747-D0A079647B3B}.Release|x64.Build.0 = Release|x64
		{31BF53A8-E0B7-4662-8747-D0A079647B3B}.Release|x86.ActiveCfg = Release|x86
		{31BF53A8-E0B7-4662-8747-D0A079647B3B}.Release|x86.Build.0 = Release|x86
		{03BF295B-8364-4E28-9009-2F3E9CA682F6}.Debug|ARM.ActiveCfg = Debug|ARM
		{03BF295B-8364-4E28-9009-2F3E9CA682F6}.Debug|ARM.Build.0 = Debug|ARM
		{03BF295B-8364-4E28-9009-2F3E9CA682F6}.Debug|ARM64.ActiveCfg = Debug|ARM64
		{03BF295B-8364-4E28-9009-2F3E9CA682F6}.Debug|ARM64.Build.0 = Debug|ARM64
		{03BF295B-8364-4E28-9009-2F3E9CA682F6}.Debug|x64.ActiveCfg = Debug|x64
		{03BF295B-8364-4E28-9009-2F3E9CA682F6}.Debug|x64.Build.0 = Debug|x64
		{03BF295B-8364-4E28-9009-2F3E9CA682F6}.Debug|x86.ActiveCfg = Debug|x86
		{03BF295B-8364-4E28-9009-2F3E9CA682F6}.Debug|x86.Build.0 = Debug|x86
		{03BF295B-8364-4E28-9009-2F3E9CA682F6}.Release|ARM.ActiveCfg = Release|ARM
		{03BF295B-8364-4E28-9009-2F3E9CA682F6}.Release|ARM.Build.0 = Release|ARM
		{03BF295B-8364-4E28-9009-2F3E9CA682F6}.Release|ARM64.ActiveCfg = Release|ARM64
		{03BF295B-8364-4E28-9009-2F3E9CA682F6}.Release|ARM64.Build.0 = Release|ARM64
		{03BF295B-8364-4E28-9009-2F3E9CA682F6}.Release|x64.ActiveCfg = Release|x64
		{03BF295B-8364-4E28-9009-2F3E9CA682F6}.Release|x64.Build.0 = Release|x64
		{03BF295B-8364-4E28-9009-2F3E9CA682F6}.Release|x86.ActiveCfg = Release|x86
		{03BF295B-8364-4E28-9009-2F3E9CA682F6}.Release|x86.Build.0 = Release|x86
	EndGlobalSection
	GlobalSection(SolutionProperties) = preSolution
		HideSolutionNode = FALSE
	EndGlobalSection
	GlobalSection(NestedProjects) = preSolution
		{5E5F4DC5-3CEF-40FA-AF00-FF6DDEFD4681} = {AF0A6B62-8D94-4E02-9743-B96C7C4D42CD}
		{98C0F6E7-4E23-4828-B415-8A4049732C23} = {AF0A6B62-8D94-4E02-9743-B96C7C4D42CD}
		{31BF53A8-E0B7-4662-8747-D0A079647B3B} = {84B9B221-5E2F-4244-BB9B-0FA4AF3A2A93}
		{03BF295B-8364-4E28-9009-2F3E9CA682F6} = {84B9B221-5E2F-4244-BB9B-0FA4AF3A2A93}
	EndGlobalSection
	GlobalSection(ExtensibilityGlobals) = postSolution
		SolutionGuid = {2437DA6C-A753-4DEE-B4FE-07BBA19D5B98}
	EndGlobalSection
EndGlobal
