
Microsoft Visual Studio Solution File, Format Version 12.00
# Visual Studio 15
VisualStudioVersion = 15.0.28010.2036
MinimumVisualStudioVersion = 10.0.40219.1
Project("{8BC9CEB8-8B4A-11D0-8D11-00A0C91BC942}") = "CloseProgramC", "CloseProgramC\CloseProgramC.vcxproj", "{5D02711F-E43C-4E9D-9367-239003513162}"
EndProject
Project("{8BC9CEB8-8B4A-11D0-8D11-00A0C91BC942}") = "CloseProgramWin", "CloseProgramWin\CloseProgramWin.vcxproj", "{A5F6ABFB-C944-40DE-B118-B005ECEA8DE0}"
EndProject
Project("{8BC9CEB8-8B4A-11D0-8D11-00A0C91BC942}") = "CloseProgramLin", "CloseProgramLin\CloseProgramLin.vcxproj", "{DC872584-981C-4600-84E4-FCFF192B69FD}"
EndProject
Global
	GlobalSection(SolutionConfigurationPlatforms) = preSolution
		Debug|ARM = Debug|ARM
		Debug|ARM64 = Debug|ARM64
		Debug|x64 = Debug|x64
		Debug|x86 = Debug|x86
		Release|ARM = Release|ARM
		Release|ARM64 = Release|ARM64
		Release|x64 = Release|x64
		Release|x86 = Release|x86
	EndGlobalSection
	GlobalSection(ProjectConfigurationPlatforms) = postSolution
		{5D02711F-E43C-4E9D-9367-239003513162}.Debug|ARM.ActiveCfg = Debug|Win32
		{5D02711F-E43C-4E9D-9367-239003513162}.Debug|ARM64.ActiveCfg = Debug|Win32
		{5D02711F-E43C-4E9D-9367-239003513162}.Debug|x64.ActiveCfg = Debug|x64
		{5D02711F-E43C-4E9D-9367-239003513162}.Debug|x64.Build.0 = Debug|x64
		{5D02711F-E43C-4E9D-9367-239003513162}.Debug|x86.ActiveCfg = Debug|Win32
		{5D02711F-E43C-4E9D-9367-239003513162}.Debug|x86.Build.0 = Debug|Win32
		{5D02711F-E43C-4E9D-9367-239003513162}.Release|ARM.ActiveCfg = Release|Win32
		{5D02711F-E43C-4E9D-9367-239003513162}.Release|ARM64.ActiveCfg = Release|Win32
		{5D02711F-E43C-4E9D-9367-239003513162}.Release|x64.ActiveCfg = Release|x64
		{5D02711F-E43C-4E9D-9367-239003513162}.Release|x64.Build.0 = Release|x64
		{5D02711F-E43C-4E9D-9367-239003513162}.Release|x86.ActiveCfg = Release|Win32
		{5D02711F-E43C-4E9D-9367-239003513162}.Release|x86.Build.0 = Release|Win32
		{A5F6ABFB-C944-40DE-B118-B005ECEA8DE0}.Debug|ARM.ActiveCfg = Debug|Win32
		{A5F6ABFB-C944-40DE-B118-B005ECEA8DE0}.Debug|ARM64.ActiveCfg = Debug|Win32
		{A5F6ABFB-C944-40DE-B118-B005ECEA8DE0}.Debug|x64.ActiveCfg = Debug|x64
		{A5F6ABFB-C944-40DE-B118-B005ECEA8DE0}.Debug|x64.Build.0 = Debug|x64
		{A5F6ABFB-C944-40DE-B118-B005ECEA8DE0}.Debug|x86.ActiveCfg = Debug|Win32
		{A5F6ABFB-C944-40DE-B118-B005ECEA8DE0}.Debug|x86.Build.0 = Debug|Win32
		{A5F6ABFB-C944-40DE-B118-B005ECEA8DE0}.Release|ARM.ActiveCfg = Release|Win32
		{A5F6ABFB-C944-40DE-B118-B005ECEA8DE0}.Release|ARM64.ActiveCfg = Release|Win32
		{A5F6ABFB-C944-40DE-B118-B005ECEA8DE0}.Release|x64.ActiveCfg = Release|x64
		{A5F6ABFB-C944-40DE-B118-B005ECEA8DE0}.Release|x64.Build.0 = Release|x64
		{A5F6ABFB-C944-40DE-B118-B005ECEA8DE0}.Release|x86.ActiveCfg = Release|Win32
		{A5F6ABFB-C944-40DE-B118-B005ECEA8DE0}.Release|x86.Build.0 = Release|Win32
		{DC872584-981C-4600-84E4-FCFF192B69FD}.Debug|ARM.ActiveCfg = Debug|ARM
		{DC872584-981C-4600-84E4-FCFF192B69FD}.Debug|ARM.Build.0 = Debug|ARM
		{DC872584-981C-4600-84E4-FCFF192B69FD}.Debug|ARM64.ActiveCfg = Debug|ARM64
		{DC872584-981C-4600-84E4-FCFF192B69FD}.Debug|ARM64.Build.0 = Debug|ARM64
		{DC872584-981C-4600-84E4-FCFF192B69FD}.Debug|x64.ActiveCfg = Debug|x64
		{DC872584-981C-4600-84E4-FCFF192B69FD}.Debug|x64.Build.0 = Debug|x64
		{DC872584-981C-4600-84E4-FCFF192B69FD}.Debug|x86.ActiveCfg = Debug|x86
		{DC872584-981C-4600-84E4-FCFF192B69FD}.Debug|x86.Build.0 = Debug|x86
		{DC872584-981C-4600-84E4-FCFF192B69FD}.Release|ARM.ActiveCfg = Release|ARM
		{DC872584-981C-4600-84E4-FCFF192B69FD}.Release|ARM.Build.0 = Release|ARM
		{DC872584-981C-4600-84E4-FCFF192B69FD}.Release|ARM64.ActiveCfg = Release|ARM64
		{DC872584-981C-4600-84E4-FCFF192B69FD}.Release|ARM64.Build.0 = Release|ARM64
		{DC872584-981C-4600-84E4-FCFF192B69FD}.Release|x64.ActiveCfg = Release|x64
		{DC872584-981C-4600-84E4-FCFF192B69FD}.Release|x64.Build.0 = Release|x64
		{DC872584-981C-4600-84E4-FCFF192B69FD}.Release|x86.ActiveCfg = Release|x86
		{DC872584-981C-4600-84E4-FCFF192B69FD}.Release|x86.Build.0 = Release|x86
	EndGlobalSection
	GlobalSection(SolutionProperties) = preSolution
		HideSolutionNode = FALSE
	EndGlobalSection
	GlobalSection(ExtensibilityGlobals) = postSolution
		SolutionGuid = {C83E118C-C3FD-4160-970C-757A47FBFEA6}
	EndGlobalSection
EndGlobal
